<?xml version="1.0" encoding="UTF-8"?>
<CONFIG>
  <ProjectOptions>
    <Version Value="12"/>
    <PathDelim Value="\"/>
    <General>
      <SessionStorage Value="InProjectDir"/>
      <Title Value="SetupWizzard"/>
      <Scaled Value="True"/>
      <ResourceType Value="res"/>
      <UseXPManifest Value="True"/>
      <Icon Value="0"/>
    </General>
    <BuildModes>
      <Item Name="Debug" Default="True"/>
      <Item Name="Release">
        <CompilerOptions>
          <Version Value="11"/>
          <PathDelim Value="\"/>
          <Target>
            <Filename Value="bin/Release/$(TargetCPU)-$(TargetOS)/SetupWizzard"/>
          </Target>
          <SearchPaths>
            <IncludeFiles Value="$(ProjOutDir)"/>
            <OtherUnitFiles Value="GUI;utility"/>
            <UnitOutputDirectory Value="lib\Release\$(TargetCPU)-$(TargetOS)"/>
          </SearchPaths>
          <CodeGeneration>
            <SmartLinkUnit Value="True"/>
            <Optimizations>
              <OptimizationLevel Value="3"/>
            </Optimizations>
          </CodeGeneration>
          <Linking>
            <Debugging>
              <GenerateDebugInfo Value="False"/>
            </Debugging>
            <LinkSmart Value="True"/>
            <Options>
              <Win32>
                <GraphicApplication Value="True"/>
              </Win32>
            </Options>
          </Linking>
          <Other>
            <CustomOptions Value="-dRELEASE"/>
            <OtherDefines Count="1">
              <Define0 Value="RELEASE"/>
            </OtherDefines>
          </Other>
        </CompilerOptions>
      </Item>
    </BuildModes>
    <PublishOptions>
      <Version Value="2"/>
      <DestinationDirectory Value="C:\Users\frederic\Documents\Projects\LazSetup"/>
      <CompressFinally Value="False"/>
      <UseFileFilters Value="True"/>
    </PublishOptions>
    <RunParams>
      <FormatVersion Value="2"/>
    </RunParams>
    <RequiredPackages>
      <Item>
        <PackageName Value="MetaDarkStyle"/>
      </Item>
      <Item>
        <PackageName Value="LCL"/>
      </Item>
    </RequiredPackages>
    <Units>
      <Unit>
        <Filename Value="SetupWizzard.lpr"/>
        <IsPartOfProject Value="True"/>
      </Unit>
      <Unit>
        <Filename Value="GUI\setupmainfrm.pas"/>
        <IsPartOfProject Value="True"/>
        <ComponentName Value="SetupMainForm"/>
        <HasResources Value="True"/>
        <ResourceBaseClass Value="Form"/>
        <UnitName Value="SetupMainFrm"/>
      </Unit>
      <Unit>
        <Filename Value="utility\asyncprogress.pas"/>
        <IsPartOfProject Value="True"/>
        <UnitName Value="AsyncProgress"/>
      </Unit>
      <Unit>
        <Filename Value="utility\gitlabfetch.pas"/>
        <IsPartOfProject Value="True"/>
        <UnitName Value="GitlabFetch"/>
      </Unit>
      <Unit>
        <Filename Value="GUI\compareselectfrm.pas"/>
        <IsPartOfProject Value="True"/>
        <ComponentName Value="CompareSelectFrame"/>
        <HasResources Value="True"/>
        <ResourceBaseClass Value="Frame"/>
        <UnitName Value="CompareSelectFrm"/>
      </Unit>
      <Unit>
        <Filename Value="utility\lazaruspackagemanager.pas"/>
        <IsPartOfProject Value="True"/>
        <UnitName Value="LazarusPackageManager"/>
      </Unit>
      <Unit>
        <Filename Value="GUI\detailedlist.pas"/>
        <IsPartOfProject Value="True"/>
        <UnitName Value="DetailedList"/>
      </Unit>
      <Unit>
        <Filename Value="GUI\progressfrm.pas"/>
        <IsPartOfProject Value="True"/>
        <ComponentName Value="ProgressFrame"/>
        <HasResources Value="True"/>
        <ResourceBaseClass Value="Frame"/>
        <UnitName Value="Progressfrm"/>
      </Unit>
      <Unit>
        <Filename Value="GUI\uiflows.pas"/>
        <IsPartOfProject Value="True"/>
        <UnitName Value="UIFlows"/>
      </Unit>
    </Units>
  </ProjectOptions>
  <CompilerOptions>
    <Version Value="11"/>
    <PathDelim Value="\"/>
    <Target>
      <Filename Value="bin/Debug/$(TargetCPU)-$(TargetOS)/SetupWizzard"/>
    </Target>
    <SearchPaths>
      <IncludeFiles Value="$(ProjOutDir)"/>
      <OtherUnitFiles Value="GUI;utility"/>
      <UnitOutputDirectory Value="lib\Debug\$(TargetCPU)-$(TargetOS)"/>
    </SearchPaths>
    <Parsing>
      <SyntaxOptions>
        <IncludeAssertionCode Value="True"/>
      </SyntaxOptions>
    </Parsing>
    <CodeGeneration>
      <Checks>
        <IOChecks Value="True"/>
        <RangeChecks Value="True"/>
        <OverflowChecks Value="True"/>
        <StackChecks Value="True"/>
      </Checks>
      <VerifyObjMethodCallValidity Value="True"/>
    </CodeGeneration>
    <Linking>
      <Debugging>
        <DebugInfoType Value="dsDwarf3"/>
        <UseHeaptrc Value="True"/>
        <TrashVariables Value="True"/>
        <UseExternalDbgSyms Value="True"/>
      </Debugging>
      <Options>
        <Win32>
          <GraphicApplication Value="True"/>
        </Win32>
      </Options>
    </Linking>
    <Other>
      <CustomOptions Value="-dDEBUG"/>
      <OtherDefines Count="1">
        <Define0 Value="DEBUG"/>
      </OtherDefines>
    </Other>
  </CompilerOptions>
  <Debugging>
    <Exceptions>
      <Item>
        <Name Value="EAbort"/>
      </Item>
      <Item>
        <Name Value="ECodetoolError"/>
      </Item>
      <Item>
        <Name Value="EFOpenError"/>
      </Item>
    </Exceptions>
  </Debugging>
</CONFIG>
